
Microsoft Visual Studio Solution File, Format Version 12.00
# Visual Studio Version 17
VisualStudioVersion = 17.11.35303.130
MinimumVisualStudioVersion = 10.0.40219.1
Project("{FAE04EC0-301F-11D3-BF4B-00C04F79EFBC}") = "gitapp", "gitapp\gitapp.csproj", "{97B3E479-6432-4E26-B634-9DE59BF510C9}"
EndProject
Global
	GlobalSection(SolutionConfigurationPlatforms) = preSolution
		Debug|Any CPU = Debug|Any CPU
		Release|Any CPU = Release|Any CPU
	EndGlobalSection
	GlobalSection(ProjectConfigurationPlatforms) = postSolution
		{97B3E479-6432-4E26-B634-9DE59BF510C9}.Debug|Any CPU.ActiveCfg = Debug|Any CPU
		{97B3E479-6432-4E26-B634-9DE59BF510C9}.Debug|Any CPU.Build.0 = Debug|Any CPU
		{97B3E479-6432-4E26-B634-9DE59BF510C9}.Release|Any CPU.ActiveCfg = Release|Any CPU
		{97B3E479-6432-4E26-B634-9DE59BF510C9}.Release|Any CPU.Build.0 = Release|Any CPU
	EndGlobalSection
	GlobalSection(SolutionProperties) = preSolution
		HideSolutionNode = FALSE
	EndGlobalSection
	GlobalSection(ExtensibilityGlobals) = postSolution
		SolutionGuid = {38B9041B-3734-4A10-8A2B-6BF11C27E942}
	EndGlobalSection
EndGlobal
